<?xml version="1.0" encoding="utf-8"?>
<Project ToolsVersion="4.0" xmlns="http://schemas.microsoft.com/developer/msbuild/2003">
  <ItemGroup>
    <Filter Include="kode1">
      <UniqueIdentifier>{21630125-eae6-4aa1-a668-93d82ca0da88}</UniqueIdentifier>
    </Filter>
  </ItemGroup>
  <ItemGroup>
    <ClCompile Include="Source.cpp">
      <Filter>kode1</Filter>
    </ClCompile>
    <ClCompile Include="Realization.cpp">
      <Filter>kode1</Filter>
    </ClCompile>
  </ItemGroup>
  <ItemGroup>
    <ClInclude Include="prototype.h">
      <Filter>kode1</Filter>
    </ClInclude>
  </ItemGroup>
</Project>